// !$*UTF8*$!
{
	archiveVersion = 1;
	classes = {
	};
	objectVersion = 56;
	objects = {

/* Begin PBXBuildFile section */
		5BD707132B30E59B0043E90C /* MemoryGameApp.swift in Sources */ = {isa = PBXBuildFile; fileRef = 5BD707122B30E59B0043E90C /* MemoryGameApp.swift */; };
		5BD707152B30E59B0043E90C /* EmojiMemoryGameView.swift in Sources */ = {isa = PBXBuildFile; fileRef = 5BD707142B30E59B0043E90C /* EmojiMemoryGameView.swift */; };
		5BD707172B30E59C0043E90C /* Assets.xcassets in Resources */ = {isa = PBXBuildFile; fileRef = 5BD707162B30E59C0043E90C /* Assets.xcassets */; };
		5BD7071A2B30E59C0043E90C /* Preview Assets.xcassets in Resources */ = {isa = PBXBuildFile; fileRef = 5BD707192B30E59C0043E90C /* Preview Assets.xcassets */; };
		5BD707242B30E59D0043E90C /* MemorizeTests.swift in Sources */ = {isa = PBXBuildFile; fileRef = 5BD707232B30E59D0043E90C /* MemorizeTests.swift */; };
		5BD7072E2B30E59D0043E90C /* MemorizeUITests.swift in Sources */ = {isa = PBXBuildFile; fileRef = 5BD7072D2B30E59D0043E90C /* MemorizeUITests.swift */; };
		5BD707302B30E59D0043E90C /* MemorizeUITestsLaunchTests.swift in Sources */ = {isa = PBXBuildFile; fileRef = 5BD7072F2B30E59D0043E90C /* MemorizeUITestsLaunchTests.swift */; };
		5BF3DB682B37A89B00EA8138 /* MemoryGame.swift in Sources */ = {isa = PBXBuildFile; fileRef = 5BF3DB672B37A89B00EA8138 /* MemoryGame.swift */; };
		5BF3DB6A2B37ACA200EA8138 /* EmojiMemoryGame.swift in Sources */ = {isa = PBXBuildFile; fileRef = 5BF3DB692B37ACA200EA8138 /* EmojiMemoryGame.swift */; };
/* End PBXBuildFile section */

/* Begin PBXContainerItemProxy section */
		5BD707202B30E59D0043E90C /* PBXContainerItemProxy */ = {
			isa = PBXContainerItemProxy;
			containerPortal = 5BD707072B30E59B0043E90C /* Project object */;
			proxyType = 1;
			remoteGlobalIDString = 5BD7070E2B30E59B0043E90C;
			remoteInfo = Memorize;
		};
		5BD7072A2B30E59D0043E90C /* PBXContainerItemProxy */ = {
			isa = PBXContainerItemProxy;
			containerPortal = 5BD707072B30E59B0043E90C /* Project object */;
			proxyType = 1;
			remoteGlobalIDString = 5BD7070E2B30E59B0043E90C;
			remoteInfo = Memorize;
		};
/* End PBXContainerItemProxy section */

/* Begin PBXFileReference section */
		5BD7070F2B30E59B0043E90C /* Memorize.app */ = {isa = PBXFileReference; explicitFileType = wrapper.application; includeInIndex = 0; path = Memorize.app; sourceTree = BUILT_PRODUCTS_DIR; };
		5BD707122B30E59B0043E90C /* MemoryGameApp.swift */ = {isa = PBXFileReference; lastKnownFileType = sourcecode.swift; path = MemoryGameApp.swift; sourceTree = "<group>"; };
		5BD707142B30E59B0043E90C /* EmojiMemoryGameView.swift */ = {isa = PBXFileReference; lastKnownFileType = sourcecode.swift; path = EmojiMemoryGameView.swift; sourceTree = "<group>"; };
		5BD707162B30E59C0043E90C /* Assets.xcassets */ = {isa = PBXFileReference; lastKnownFileType = folder.assetcatalog; path = Assets.xcassets; sourceTree = "<group>"; };
		5BD707192B30E59C0043E90C /* Preview Assets.xcassets */ = {isa = PBXFileReference; lastKnownFileType = folder.assetcatalog; path = "Preview Assets.xcassets"; sourceTree = "<group>"; };
		5BD7071F2B30E59D0043E90C /* MemorizeTests.xctest */ = {isa = PBXFileReference; explicitFileType = wrapper.cfbundle; includeInIndex = 0; path = MemorizeTests.xctest; sourceTree = BUILT_PRODUCTS_DIR; };
		5BD707232B30E59D0043E90C /* MemorizeTests.swift */ = {isa = PBXFileReference; lastKnownFileType = sourcecode.swift; path = MemorizeTests.swift; sourceTree = "<group>"; };
		5BD707292B30E59D0043E90C /* MemorizeUITests.xctest */ = {isa = PBXFileReference; explicitFileType = wrapper.cfbundle; includeInIndex = 0; path = MemorizeUITests.xctest; sourceTree = BUILT_PRODUCTS_DIR; };
		5BD7072D2B30E59D0043E90C /* MemorizeUITests.swift */ = {isa = PBXFileReference; lastKnownFileType = sourcecode.swift; path = MemorizeUITests.swift; sourceTree = "<group>"; };
		5BD7072F2B30E59D0043E90C /* MemorizeUITestsLaunchTests.swift */ = {isa = PBXFileReference; lastKnownFileType = sourcecode.swift; path = MemorizeUITestsLaunchTests.swift; sourceTree = "<group>"; };
		5BF3DB672B37A89B00EA8138 /* MemoryGame.swift */ = {isa = PBXFileReference; lastKnownFileType = sourcecode.swift; path = MemoryGame.swift; sourceTree = "<group>"; };
		5BF3DB692B37ACA200EA8138 /* EmojiMemoryGame.swift */ = {isa = PBXFileReference; lastKnownFileType = sourcecode.swift; path = EmojiMemoryGame.swift; sourceTree = "<group>"; };
/* End PBXFileReference section */

/* Begin PBXFrameworksBuildPhase section */
		5BD7070C2B30E59B0043E90C /* Frameworks */ = {
			isa = PBXFrameworksBuildPhase;
			buildActionMask = 2147483647;
			files = (
			);
			runOnlyForDeploymentPostprocessing = 0;
		};
		5BD7071C2B30E59D0043E90C /* Frameworks */ = {
			isa = PBXFrameworksBuildPhase;
			buildActionMask = 2147483647;
			files = (
			);
			runOnlyForDeploymentPostprocessing = 0;
		};
		5BD707262B30E59D0043E90C /* Frameworks */ = {
			isa = PBXFrameworksBuildPhase;
			buildActionMask = 2147483647;
			files = (
			);
			runOnlyForDeploymentPostprocessing = 0;
		};
/* End PBXFrameworksBuildPhase section */

/* Begin PBXGroup section */
		5BD707062B30E59B0043E90C = {
			isa = PBXGroup;
			children = (
				5BD707112B30E59B0043E90C /* Memorize */,
				5BD707222B30E59D0043E90C /* MemorizeTests */,
				5BD7072C2B30E59D0043E90C /* MemorizeUITests */,
				5BD707102B30E59B0043E90C /* Products */,
			);
			sourceTree = "<group>";
		};
		5BD707102B30E59B0043E90C /* Products */ = {
			isa = PBXGroup;
			children = (
				5BD7070F2B30E59B0043E90C /* Memorize.app */,
				5BD7071F2B30E59D0043E90C /* MemorizeTests.xctest */,
				5BD707292B30E59D0043E90C /* MemorizeUITests.xctest */,
			);
			name = Products;
			sourceTree = "<group>";
		};
		5BD707112B30E59B0043E90C /* Memorize */ = {
			isa = PBXGroup;
			children = (
				5BD707122B30E59B0043E90C /* MemoryGameApp.swift */,
				5BD707142B30E59B0043E90C /* EmojiMemoryGameView.swift */,
				5BF3DB692B37ACA200EA8138 /* EmojiMemoryGame.swift */,
				5BF3DB672B37A89B00EA8138 /* MemoryGame.swift */,
				5BD707162B30E59C0043E90C /* Assets.xcassets */,
				5BD707182B30E59C0043E90C /* Preview Content */,
			);
			path = Memorize;
			sourceTree = "<group>";
		};
		5BD707182B30E59C0043E90C /* Preview Content */ = {
			isa = PBXGroup;
			children = (
				5BD707192B30E59C0043E90C /* Preview Assets.xcassets */,
			);
			path = "Preview Content";
			sourceTree = "<group>";
		};
		5BD707222B30E59D0043E90C /* MemorizeTests */ = {
			isa = PBXGroup;
			children = (
				5BD707232B30E59D0043E90C /* MemorizeTests.swift */,
			);
			path = MemorizeTests;
			sourceTree = "<group>";
		};
		5BD7072C2B30E59D0043E90C /* MemorizeUITests */ = {
			isa = PBXGroup;
			children = (
				5BD7072D2B30E59D0043E90C /* MemorizeUITests.swift */,
				5BD7072F2B30E59D0043E90C /* MemorizeUITestsLaunchTests.swift */,
			);
			path = MemorizeUITests;
			sourceTree = "<group>";
		};
/* End PBXGroup section */

/* Begin PBXNativeTarget section */
		5BD7070E2B30E59B0043E90C /* Memorize */ = {
			isa = PBXNativeTarget;
			buildConfigurationList = 5BD707332B30E59D0043E90C /* Build configuration list for PBXNativeTarget "Memorize" */;
			buildPhases = (
				5BD7070B2B30E59B0043E90C /* Sources */,
				5BD7070C2B30E59B0043E90C /* Frameworks */,
				5BD7070D2B30E59B0043E90C /* Resources */,
			);
			buildRules = (
			);
			dependencies = (
			);
			name = Memorize;
			productName = Memorize;
			productReference = 5BD7070F2B30E59B0043E90C /* Memorize.app */;
			productType = "com.apple.product-type.application";
		};
		5BD7071E2B30E59D0043E90C /* MemorizeTests */ = {
			isa = PBXNativeTarget;
			buildConfigurationList = 5BD707362B30E59D0043E90C /* Build configuration list for PBXNativeTarget "MemorizeTests" */;
			buildPhases = (
				5BD7071B2B30E59D0043E90C /* Sources */,
				5BD7071C2B30E59D0043E90C /* Frameworks */,
				5BD7071D2B30E59D0043E90C /* Resources */,
			);
			buildRules = (
			);
			dependencies = (
				5BD707212B30E59D0043E90C /* PBXTargetDependency */,
			);
			name = MemorizeTests;
			productName = MemorizeTests;
			productReference = 5BD7071F2B30E59D0043E90C /* MemorizeTests.xctest */;
			productType = "com.apple.product-type.bundle.unit-test";
		};
		5BD707282B30E59D0043E90C /* MemorizeUITests */ = {
			isa = PBXNativeTarget;
			buildConfigurationList = 5BD707392B30E59D0043E90C /* Build configuration list for PBXNativeTarget "MemorizeUITests" */;
			buildPhases = (
				5BD707252B30E59D0043E90C /* Sources */,
				5BD707262B30E59D0043E90C /* Frameworks */,
				5BD707272B30E59D0043E90C /* Resources */,
			);
			buildRules = (
			);
			dependencies = (
				5BD7072B2B30E59D0043E90C /* PBXTargetDependency */,
			);
			name = MemorizeUITests;
			productName = MemorizeUITests;
			productReference = 5BD707292B30E59D0043E90C /* MemorizeUITests.xctest */;
			productType = "com.apple.product-type.bundle.ui-testing";
		};
/* End PBXNativeTarget section */

/* Begin PBXProject section */
		5BD707072B30E59B0043E90C /* Project object */ = {
			isa = PBXProject;
			attributes = {
				BuildIndependentTargetsInParallel = 1;
				LastSwiftUpdateCheck = 1510;
				LastUpgradeCheck = 1510;
				TargetAttributes = {
					5BD7070E2B30E59B0043E90C = {
						CreatedOnToolsVersion = 15.1;
					};
					5BD7071E2B30E59D0043E90C = {
						CreatedOnToolsVersion = 15.1;
						TestTargetID = 5BD7070E2B30E59B0043E90C;
					};
					5BD707282B30E59D0043E90C = {
						CreatedOnToolsVersion = 15.1;
						TestTargetID = 5BD7070E2B30E59B0043E90C;
					};
				};
			};
			buildConfigurationList = 5BD7070A2B30E59B0043E90C /* Build configuration list for PBXProject "Memorize" */;
			compatibilityVersion = "Xcode 14.0";
			developmentRegion = en;
			hasScannedForEncodings = 0;
			knownRegions = (
				en,
				Base,
			);
			mainGroup = 5BD707062B30E59B0043E90C;
			productRefGroup = 5BD707102B30E59B0043E90C /* Products */;
			projectDirPath = "";
			projectRoot = "";
			targets = (
				5BD7070E2B30E59B0043E90C /* Memorize */,
				5BD7071E2B30E59D0043E90C /* MemorizeTests */,
				5BD707282B30E59D0043E90C /* MemorizeUITests */,
			);
		};
/* End PBXProject section */

/* Begin PBXResourcesBuildPhase section */
		5BD7070D2B30E59B0043E90C /* Resources */ = {
			isa = PBXResourcesBuildPhase;
			buildActionMask = 2147483647;
			files = (
				5BD7071A2B30E59C0043E90C /* Preview Assets.xcassets in Resources */,
				5BD707172B30E59C0043E90C /* Assets.xcassets in Resources */,
			);
			runOnlyForDeploymentPostprocessing = 0;
		};
		5BD7071D2B30E59D0043E90C /* Resources */ = {
			isa = PBXResourcesBuildPhase;
			buildActionMask = 2147483647;
			files = (
			);
			runOnlyForDeploymentPostprocessing = 0;
		};
		5BD707272B30E59D0043E90C /* Resources */ = {
			isa = PBXResourcesBuildPhase;
			buildActionMask = 2147483647;
			files = (
			);
			runOnlyForDeploymentPostprocessing = 0;
		};
/* End PBXResourcesBuildPhase section */

/* Begin PBXSourcesBuildPhase section */
		5BD7070B2B30E59B0043E90C /* Sources */ = {
			isa = PBXSourcesBuildPhase;
			buildActionMask = 2147483647;
			files = (
				5BD707152B30E59B0043E90C /* EmojiMemoryGameView.swift in Sources */,
				5BD707132B30E59B0043E90C /* MemoryGameApp.swift in Sources */,
				5BF3DB682B37A89B00EA8138 /* MemoryGame.swift in Sources */,
				5BF3DB6A2B37ACA200EA8138 /* EmojiMemoryGame.swift in Sources */,
			);
			runOnlyForDeploymentPostprocessing = 0;
		};
		5BD7071B2B30E59D0043E90C /* Sources */ = {
			isa = PBXSourcesBuildPhase;
			buildActionMask = 2147483647;
			files = (
				5BD707242B30E59D0043E90C /* MemorizeTests.swift in Sources */,
			);
			runOnlyForDeploymentPostprocessing = 0;
		};
		5BD707252B30E59D0043E90C /* Sources */ = {
			isa = PBXSourcesBuildPhase;
			buildActionMask = 2147483647;
			files = (
				5BD707302B30E59D0043E90C /* MemorizeUITestsLaunchTests.swift in Sources */,
				5BD7072E2B30E59D0043E90C /* MemorizeUITests.swift in Sources */,
			);
			runOnlyForDeploymentPostprocessing = 0;
		};
/* End PBXSourcesBuildPhase section */

/* Begin PBXTargetDependency section */
		5BD707212B30E59D0043E90C /* PBXTargetDependency */ = {
			isa = PBXTargetDependency;
			target = 5BD7070E2B30E59B0043E90C /* Memorize */;
			targetProxy = 5BD707202B30E59D0043E90C /* PBXContainerItemProxy */;
		};
		5BD7072B2B30E59D0043E90C /* PBXTargetDependency */ = {
			isa = PBXTargetDependency;
			target = 5BD7070E2B30E59B0043E90C /* Memorize */;
			targetProxy = 5BD7072A2B30E59D0043E90C /* PBXContainerItemProxy */;
		};
/* End PBXTargetDependency section */

/* Begin XCBuildConfiguration section */
		5BD707312B30E59D0043E90C /* Debug */ = {
			isa = XCBuildConfiguration;
			buildSettings = {
				ALWAYS_SEARCH_USER_PATHS = NO;
				ASSETCATALOG_COMPILER_GENERATE_SWIFT_ASSET_SYMBOL_EXTENSIONS = YES;
				CLANG_ANALYZER_NONNULL = YES;
				CLANG_ANALYZER_NUMBER_OBJECT_CONVERSION = YES_AGGRESSIVE;
				CLANG_CXX_LANGUAGE_STANDARD = "gnu++20";
				CLANG_ENABLE_MODULES = YES;
				CLANG_ENABLE_OBJC_ARC = YES;
				CLANG_ENABLE_OBJC_WEAK = YES;
				CLANG_WARN_BLOCK_CAPTURE_AUTORELEASING = YES;
				CLANG_WARN_BOOL_CONVERSION = YES;
				CLANG_WARN_COMMA = YES;
				CLANG_WARN_CONSTANT_CONVERSION = YES;
				CLANG_WARN_DEPRECATED_OBJC_IMPLEMENTATIONS = YES;
				CLANG_WARN_DIRECT_OBJC_ISA_USAGE = YES_ERROR;
				CLANG_WARN_DOCUMENTATION_COMMENTS = YES;
				CLANG_WARN_EMPTY_BODY = YES;
				CLANG_WARN_ENUM_CONVERSION = YES;
				CLANG_WARN_INFINITE_RECURSION = YES;
				CLANG_WARN_INT_CONVERSION = YES;
				CLANG_WARN_NON_LITERAL_NULL_CONVERSION = YES;
				CLANG_WARN_OBJC_IMPLICIT_RETAIN_SELF = YES;
				CLANG_WARN_OBJC_LITERAL_CONVERSION = YES;
				CLANG_WARN_OBJC_ROOT_CLASS = YES_ERROR;
				CLANG_WARN_QUOTED_INCLUDE_IN_FRAMEWORK_HEADER = YES;
				CLANG_WARN_RANGE_LOOP_ANALYSIS = YES;
				CLANG_WARN_STRICT_PROTOTYPES = YES;
				CLANG_WARN_SUSPICIOUS_MOVE = YES;
				CLANG_WARN_UNGUARDED_AVAILABILITY = YES_AGGRESSIVE;
				CLANG_WARN_UNREACHABLE_CODE = YES;
				CLANG_WARN__DUPLICATE_METHOD_MATCH = YES;
				COPY_PHASE_STRIP = NO;
				DEBUG_INFORMATION_FORMAT = dwarf;
				ENABLE_STRICT_OBJC_MSGSEND = YES;
				ENABLE_TESTABILITY = YES;
				ENABLE_USER_SCRIPT_SANDBOXING = YES;
				GCC_C_LANGUAGE_STANDARD = gnu17;
				GCC_DYNAMIC_NO_PIC = NO;
				GCC_NO_COMMON_BLOCKS = YES;
				GCC_OPTIMIZATION_LEVEL = 0;
				GCC_PREPROCESSOR_DEFINITIONS = (
					"DEBUG=1",
					"$(inherited)",
				);
				GCC_WARN_64_TO_32_BIT_CONVERSION = YES;
				GCC_WARN_ABOUT_RETURN_TYPE = YES_ERROR;
				GCC_WARN_UNDECLARED_SELECTOR = YES;
				GCC_WARN_UNINITIALIZED_AUTOS = YES_AGGRESSIVE;
				GCC_WARN_UNUSED_FUNCTION = YES;
				GCC_WARN_UNUSED_VARIABLE = YES;
				IPHONEOS_DEPLOYMENT_TARGET = 17.2;
				LOCALIZATION_PREFERS_STRING_CATALOGS = YES;
				MTL_ENABLE_DEBUG_INFO = INCLUDE_SOURCE;
				MTL_FAST_MATH = YES;
				ONLY_ACTIVE_ARCH = YES;
				SDKROOT = iphoneos;
				SWIFT_ACTIVE_COMPILATION_CONDITIONS = "DEBUG $(inherited)";
				SWIFT_OPTIMIZATION_LEVEL = "-Onone";
			};
			name = Debug;
		};
		5BD707322B30E59D0043E90C /* Release */ = {
			isa = XCBuildConfiguration;
			buildSettings = {
				ALWAYS_SEARCH_USER_PATHS = NO;
				ASSETCATALOG_COMPILER_GENERATE_SWIFT_ASSET_SYMBOL_EXTENSIONS = YES;
				CLANG_ANALYZER_NONNULL = YES;
				CLANG_ANALYZER_NUMBER_OBJECT_CONVERSION = YES_AGGRESSIVE;
				CLANG_CXX_LANGUAGE_STANDARD = "gnu++20";
				CLANG_ENABLE_MODULES = YES;
				CLANG_ENABLE_OBJC_ARC = YES;
				CLANG_ENABLE_OBJC_WEAK = YES;
				CLANG_WARN_BLOCK_CAPTURE_AUTORELEASING = YES;
				CLANG_WARN_BOOL_CONVERSION = YES;
				CLANG_WARN_COMMA = YES;
				CLANG_WARN_CONSTANT_CONVERSION = YES;
				CLANG_WARN_DEPRECATED_OBJC_IMPLEMENTATIONS = YES;
				CLANG_WARN_DIRECT_OBJC_ISA_USAGE = YES_ERROR;
				CLANG_WARN_DOCUMENTATION_COMMENTS = YES;
				CLANG_WARN_EMPTY_BODY = YES;
				CLANG_WARN_ENUM_CONVERSION = YES;
				CLANG_WARN_INFINITE_RECURSION = YES;
				CLANG_WARN_INT_CONVERSION = YES;
				CLANG_WARN_NON_LITERAL_NULL_CONVERSION = YES;
				CLANG_WARN_OBJC_IMPLICIT_RETAIN_SELF = YES;
				CLANG_WARN_OBJC_LITERAL_CONVERSION = YES;
				CLANG_WARN_OBJC_ROOT_CLASS = YES_ERROR;
				CLANG_WARN_QUOTED_INCLUDE_IN_FRAMEWORK_HEADER = YES;
				CLANG_WARN_RANGE_LOOP_ANALYSIS = YES;
				CLANG_WARN_STRICT_PROTOTYPES = YES;
				CLANG_WARN_SUSPICIOUS_MOVE = YES;
				CLANG_WARN_UNGUARDED_AVAILABILITY = YES_AGGRESSIVE;
				CLANG_WARN_UNREACHABLE_CODE = YES;
				CLANG_WARN__DUPLICATE_METHOD_MATCH = YES;
				COPY_PHASE_STRIP = NO;
				DEBUG_INFORMATION_FORMAT = "dwarf-with-dsym";
				ENABLE_NS_ASSERTIONS = NO;
				ENABLE_STRICT_OBJC_MSGSEND = YES;
				ENABLE_USER_SCRIPT_SANDBOXING = YES;
				GCC_C_LANGUAGE_STANDARD = gnu17;
				GCC_NO_COMMON_BLOCKS = YES;
				GCC_WARN_64_TO_32_BIT_CONVERSION = YES;
				GCC_WARN_ABOUT_RETURN_TYPE = YES_ERROR;
				GCC_WARN_UNDECLARED_SELECTOR = YES;
				GCC_WARN_UNINITIALIZED_AUTOS = YES_AGGRESSIVE;
				GCC_WARN_UNUSED_FUNCTION = YES;
				GCC_WARN_UNUSED_VARIABLE = YES;
				IPHONEOS_DEPLOYMENT_TARGET = 17.2;
				LOCALIZATION_PREFERS_STRING_CATALOGS = YES;
				MTL_ENABLE_DEBUG_INFO = NO;
				MTL_FAST_MATH = YES;
				SDKROOT = iphoneos;
				SWIFT_COMPILATION_MODE = wholemodule;
				VALIDATE_PRODUCT = YES;
			};
			name = Release;
		};
		5BD707342B30E59D0043E90C /* Debug */ = {
			isa = XCBuildConfiguration;
			buildSettings = {
				ASSETCATALOG_COMPILER_APPICON_NAME = AppIcon;
				ASSETCATALOG_COMPILER_GLOBAL_ACCENT_COLOR_NAME = AccentColor;
				CODE_SIGN_STYLE = Automatic;
				CURRENT_PROJECT_VERSION = 1;
				DEVELOPMENT_ASSET_PATHS = "\"Memorize/Preview Content\"";
				DEVELOPMENT_TEAM = BWDAL38YQ6;
				ENABLE_PREVIEWS = YES;
				GENERATE_INFOPLIST_FILE = YES;
				INFOPLIST_KEY_UIApplicationSceneManifest_Generation = YES;
				INFOPLIST_KEY_UIApplicationSupportsIndirectInputEvents = YES;
				INFOPLIST_KEY_UILaunchScreen_Generation = YES;
				INFOPLIST_KEY_UISupportedInterfaceOrientations_iPad = "UIInterfaceOrientationPortrait UIInterfaceOrientationPortraitUpsideDown UIInterfaceOrientationLandscapeLeft UIInterfaceOrientationLandscapeRight";
				INFOPLIST_KEY_UISupportedInterfaceOrientations_iPhone = "UIInterfaceOrientationPortrait UIInterfaceOrientationLandscapeLeft UIInterfaceOrientationLandscapeRight";
				LD_RUNPATH_SEARCH_PATHS = (
					"$(inherited)",
					"@executable_path/Frameworks",
				);
				MARKETING_VERSION = 1.0;
				PRODUCT_BUNDLE_IDENTIFIER = GWEgroup.Memorize;
				PRODUCT_NAME = "$(TARGET_NAME)";
				SWIFT_EMIT_LOC_STRINGS = YES;
				SWIFT_VERSION = 5.0;
				TARGETED_DEVICE_FAMILY = "1,2";
			};
			name = Debug;
		};
		5BD707352B30E59D0043E90C /* Release */ = {
			isa = XCBuildConfiguration;
			buildSettings = {
				ASSETCATALOG_COMPILER_APPICON_NAME = AppIcon;
				ASSETCATALOG_COMPILER_GLOBAL_ACCENT_COLOR_NAME = AccentColor;
				CODE_SIGN_STYLE = Automatic;
				CURRENT_PROJECT_VERSION = 1;
				DEVELOPMENT_ASSET_PATHS = "\"Memorize/Preview Content\"";
				DEVELOPMENT_TEAM = BWDAL38YQ6;
				ENABLE_PREVIEWS = YES;
				GENERATE_INFOPLIST_FILE = YES;
				INFOPLIST_KEY_UIApplicationSceneManifest_Generation = YES;
				INFOPLIST_KEY_UIApplicationSupportsIndirectInputEvents = YES;
				INFOPLIST_KEY_UILaunchScreen_Generation = YES;
				INFOPLIST_KEY_UISupportedInterfaceOrientations_iPad = "UIInterfaceOrientationPortrait UIInterfaceOrientationPortraitUpsideDown UIInterfaceOrientationLandscapeLeft UIInterfaceOrientationLandscapeRight";
				INFOPLIST_KEY_UISupportedInterfaceOrientations_iPhone = "UIInterfaceOrientationPortrait UIInterfaceOrientationLandscapeLeft UIInterfaceOrientationLandscapeRight";
				LD_RUNPATH_SEARCH_PATHS = (
					"$(inherited)",
					"@executable_path/Frameworks",
				);
				MARKETING_VERSION = 1.0;
				PRODUCT_BUNDLE_IDENTIFIER = GWEgroup.Memorize;
				PRODUCT_NAME = "$(TARGET_NAME)";
				SWIFT_EMIT_LOC_STRINGS = YES;
				SWIFT_VERSION = 5.0;
				TARGETED_DEVICE_FAMILY = "1,2";
			};
			name = Release;
		};
		5BD707372B30E59D0043E90C /* Debug */ = {
			isa = XCBuildConfiguration;
			buildSettings = {
				ALWAYS_EMBED_SWIFT_STANDARD_LIBRARIES = YES;
				BUNDLE_LOADER = "$(TEST_HOST)";
				CODE_SIGN_STYLE = Automatic;
				CURRENT_PROJECT_VERSION = 1;
				DEVELOPMENT_TEAM = BWDAL38YQ6;
				GENERATE_INFOPLIST_FILE = YES;
				IPHONEOS_DEPLOYMENT_TARGET = 17.2;
				MARKETING_VERSION = 1.0;
				PRODUCT_BUNDLE_IDENTIFIER = GWEgroup.MemorizeTests;
				PRODUCT_NAME = "$(TARGET_NAME)";
				SWIFT_EMIT_LOC_STRINGS = NO;
				SWIFT_VERSION = 5.0;
				TARGETED_DEVICE_FAMILY = "1,2";
				TEST_HOST = "$(BUILT_PRODUCTS_DIR)/Memorize.app/$(BUNDLE_EXECUTABLE_FOLDER_PATH)/Memorize";
			};
			name = Debug;
		};
		5BD707382B30E59D0043E90C /* Release */ = {
			isa = XCBuildConfiguration;
			buildSettings = {
				ALWAYS_EMBED_SWIFT_STANDARD_LIBRARIES = YES;
				BUNDLE_LOADER = "$(TEST_HOST)";
				CODE_SIGN_STYLE = Automatic;
				CURRENT_PROJECT_VERSION = 1;
				DEVELOPMENT_TEAM = BWDAL38YQ6;
				GENERATE_INFOPLIST_FILE = YES;
				IPHONEOS_DEPLOYMENT_TARGET = 17.2;
				MARKETING_VERSION = 1.0;
				PRODUCT_BUNDLE_IDENTIFIER = GWEgroup.MemorizeTests;
				PRODUCT_NAME = "$(TARGET_NAME)";
				SWIFT_EMIT_LOC_STRINGS = NO;
				SWIFT_VERSION = 5.0;
				TARGETED_DEVICE_FAMILY = "1,2";
				TEST_HOST = "$(BUILT_PRODUCTS_DIR)/Memorize.app/$(BUNDLE_EXECUTABLE_FOLDER_PATH)/Memorize";
			};
			name = Release;
		};
		5BD7073A2B30E59D0043E90C /* Debug */ = {
			isa = XCBuildConfiguration;
			buildSettings = {
				ALWAYS_EMBED_SWIFT_STANDARD_LIBRARIES = YES;
				CODE_SIGN_STYLE = Automatic;
				CURRENT_PROJECT_VERSION = 1;
				DEVELOPMENT_TEAM = BWDAL38YQ6;
				GENERATE_INFOPLIST_FILE = YES;
				MARKETING_VERSION = 1.0;
				PRODUCT_BUNDLE_IDENTIFIER = GWEgroup.MemorizeUITests;
				PRODUCT_NAME = "$(TARGET_NAME)";
				SWIFT_EMIT_LOC_STRINGS = NO;
				SWIFT_VERSION = 5.0;
				TARGETED_DEVICE_FAMILY = "1,2";
				TEST_TARGET_NAME = Memorize;
			};
			name = Debug;
		};
		5BD7073B2B30E59D0043E90C /* Release */ = {
			isa = XCBuildConfiguration;
			buildSettings = {
				ALWAYS_EMBED_SWIFT_STANDARD_LIBRARIES = YES;
				CODE_SIGN_STYLE = Automatic;
				CURRENT_PROJECT_VERSION = 1;
				DEVELOPMENT_TEAM = BWDAL38YQ6;
				GENERATE_INFOPLIST_FILE = YES;
				MARKETING_VERSION = 1.0;
				PRODUCT_BUNDLE_IDENTIFIER = GWEgroup.MemorizeUITests;
				PRODUCT_NAME = "$(TARGET_NAME)";
				SWIFT_EMIT_LOC_STRINGS = NO;
				SWIFT_VERSION = 5.0;
				TARGETED_DEVICE_FAMILY = "1,2";
				TEST_TARGET_NAME = Memorize;
			};
			name = Release;
		};
/* End XCBuildConfiguration section */

/* Begin XCConfigurationList section */
		5BD7070A2B30E59B0043E90C /* Build configuration list for PBXProject "Memorize" */ = {
			isa = XCConfigurationList;
			buildConfigurations = (
				5BD707312B30E59D0043E90C /* Debug */,
				5BD707322B30E59D0043E90C /* Release */,
			);
			defaultConfigurationIsVisible = 0;
			defaultConfigurationName = Release;
		};
		5BD707332B30E59D0043E90C /* Build configuration list for PBXNativeTarget "Memorize" */ = {
			isa = XCConfigurationList;
			buildConfigurations = (
				5BD707342B30E59D0043E90C /* Debug */,
				5BD707352B30E59D0043E90C /* Release */,
			);
			defaultConfigurationIsVisible = 0;
			defaultConfigurationName = Release;
		};
		5BD707362B30E59D0043E90C /* Build configuration list for PBXNativeTarget "MemorizeTests" */ = {
			isa = XCConfigurationList;
			buildConfigurations = (
				5BD707372B30E59D0043E90C /* Debug */,
				5BD707382B30E59D0043E90C /* Release */,
			);
			defaultConfigurationIsVisible = 0;
			defaultConfigurationName = Release;
		};
		5BD707392B30E59D0043E90C /* Build configuration list for PBXNativeTarget "MemorizeUITests" */ = {
			isa = XCConfigurationList;
			buildConfigurations = (
				5BD7073A2B30E59D0043E90C /* Debug */,
				5BD7073B2B30E59D0043E90C /* Release */,
			);
			defaultConfigurationIsVisible = 0;
			defaultConfigurationName = Release;
		};
/* End XCConfigurationList section */
	};
	rootObject = 5BD707072B30E59B0043E90C /* Project object */;
}
